
Microsoft Visual Studio Solution File, Format Version 10.00
# Visual Studio 2008
Project("{FAE04EC0-301F-11D3-BF4B-00C04F79EFBC}") = "MUConverter", "CashShop Converter.csproj", "{A308F6B1-4387-4C9F-9BDB-D14FFEC57BCB}"
EndProject
Global
	GlobalSection(SolutionConfigurationPlatforms) = preSolution
		Debug|Any CPU = Debug|Any CPU
		Release|Any CPU = Release|Any CPU
	EndGlobalSection
	GlobalSection(ProjectConfigurationPlatforms) = postSolution
		{A308F6B1-4387-4C9F-9BDB-D14FFEC57BCB}.Debug|Any CPU.ActiveCfg = Debug|Any CPU
		{A308F6B1-4387-4C9F-9BDB-D14FFEC57BCB}.Debug|Any CPU.Build.0 = Debug|Any CPU
		{A308F6B1-4387-4C9F-9BDB-D14FFEC57BCB}.Release|Any CPU.ActiveCfg = Release|Any CPU
		{A308F6B1-4387-4C9F-9BDB-D14FFEC57BCB}.Release|Any CPU.Build.0 = Release|Any CPU
	EndGlobalSection
	GlobalSection(SolutionProperties) = preSolution
		HideSolutionNode = FALSE
	EndGlobalSection
EndGlobal
